{
    "_readme": [
        "This file locks the dependencies of your project to a known state",
        "Read more about it at https://getcomposer.org/doc/01-basic-usage.md#installing-dependencies",
        "This file is @generated automatically"
    ],
    "content-hash": "049e1b2c559d535589b992fe2992092e",
    "packages": [
        {
            "name": "skairsan/pizza-store-lib",
            "version": "dev-main",
            "dist": {
                "type": "path",
                "url": "..",
                "reference": "14d7dd1f6924e7c40324a7a6cbe6f4477f33870a"
            },
            "require": {
                "php": ">=8.0"
            },
            "require-dev": {
                "phpstan/phpstan": "^1.12",
                "squizlabs/php_codesniffer": "^3.7"
            },
            "type": "library",
            "autoload": {
                "psr-4": {
                    "PizzaStoreLib\\": "src/"
                }
            },
            "scripts": {
                "phpstan": [
                    "phpstan analyse src"
                ],
                "cs": [
                    "phpcs --standard=phpcs.xml src"
                ]
            },
            "license": [
                "MIT"
            ],
            "authors": [
                {
                    "name": "SkairSan"
                }
            ],
            "description": "A PizzaStore library with Pizza and PizzaStore classes.",
            "transport-options": {
                "symlink": true,
                "relative": true
            }
        }
    ],
    "packages-dev": [],
    "aliases": [],
    "minimum-stability": "dev",
    "stability-flags": {
        "skairsan/pizza-store-lib": 20
    },
    "prefer-stable": false,
    "prefer-lowest": false,
    "platform": {},
    "platform-dev": {},
    "plugin-api-version": "2.9.0"
}
